lockfileVersion: '9.0'

settings:
  autoInstallPeers: true
  excludeLinksFromLockfile: false

importers:

  .:
    dependencies:
      '@dnd-kit/modifiers':
        specifier: ^9.0.0
        version: 9.0.0(@dnd-kit/core@6.3.1(react-dom@19.2.0(react@19.2.0))(react@19.2.0))(react@19.2.0)

packages:

  '@dnd-kit/accessibility@3.1.1':
    resolution: {integrity: sha512-2P+YgaXF+gRsIihwwY1gCsQSYnu9Zyj2py8kY5fFvUM1qm2WA2u639R6YNVfU4GWr+ZM5mqEsfHZZLoRONbemw==}
    peerDependencies:
      react: '>=16.8.0'

  '@dnd-kit/core@6.3.1':
    resolution: {integrity: sha512-xkGBRQQab4RLwgXxoqETICr6S5JlogafbhNsidmrkVv2YRs5MLwpjoF2qpiGjQt8S9AoxtIV603s0GIUpY5eYQ==}
    peerDependencies:
      react: '>=16.8.0'
      react-dom: '>=16.8.0'

  '@dnd-kit/modifiers@9.0.0':
    resolution: {integrity: sha512-ybiLc66qRGuZoC20wdSSG6pDXFikui/dCNGthxv4Ndy8ylErY0N3KVxY2bgo7AWwIbxDmXDg3ylAFmnrjcbVvw==}
    peerDependencies:
      '@dnd-kit/core': ^6.3.0
      react: '>=16.8.0'

  '@dnd-kit/utilities@3.2.2':
    resolution: {integrity: sha512-+MKAJEOfaBe5SmV6t34p80MMKhjvUz0vRrvVJbPT0WElzaOJ/1xs+D+KDv+tD/NE5ujfrChEcshd4fLn0wpiqg==}
    peerDependencies:
      react: '>=16.8.0'

  react-dom@19.2.0:
    resolution: {integrity: sha512-UlbRu4cAiGaIewkPyiRGJk0imDN2T3JjieT6spoL2UeSf5od4n5LB/mQ4ejmxhCFT1tYe8IvaFulzynWovsEFQ==}
    peerDependencies:
      react: ^19.2.0

  react@19.2.0:
    resolution: {integrity: sha512-tmbWg6W31tQLeB5cdIBOicJDJRR2KzXsV7uSK9iNfLWQ5bIZfxuPEHp7M8wiHyHnn0DD1i7w3Zmin0FtkrwoCQ==}
    engines: {node: '>=0.10.0'}

  scheduler@0.27.0:
    resolution: {integrity: sha512-eNv+WrVbKu1f3vbYJT/xtiF5syA5HPIMtf9IgY/nKg0sWqzAUEvqY/xm7OcZc/qafLx/iO9FgOmeSAp4v5ti/Q==}

  tslib@2.8.1:
    resolution: {integrity: sha512-oJFu94HQb+KVduSUQL7wnpmqnfmLsOA/nAh6b6EH0wCEoK0/mPeXU6c3wKDV83MkOuHPRHtSXKKU99IBazS/2w==}

snapshots:

  '@dnd-kit/accessibility@3.1.1(react@19.2.0)':
    dependencies:
      react: 19.2.0
      tslib: 2.8.1

  '@dnd-kit/core@6.3.1(react-dom@19.2.0(react@19.2.0))(react@19.2.0)':
    dependencies:
      '@dnd-kit/accessibility': 3.1.1(react@19.2.0)
      '@dnd-kit/utilities': 3.2.2(react@19.2.0)
      react: 19.2.0
      react-dom: 19.2.0(react@19.2.0)
      tslib: 2.8.1

  '@dnd-kit/modifiers@9.0.0(@dnd-kit/core@6.3.1(react-dom@19.2.0(react@19.2.0))(react@19.2.0))(react@19.2.0)':
    dependencies:
      '@dnd-kit/core': 6.3.1(react-dom@19.2.0(react@19.2.0))(react@19.2.0)
      '@dnd-kit/utilities': 3.2.2(react@19.2.0)
      react: 19.2.0
      tslib: 2.8.1

  '@dnd-kit/utilities@3.2.2(react@19.2.0)':
    dependencies:
      react: 19.2.0
      tslib: 2.8.1

  react-dom@19.2.0(react@19.2.0):
    dependencies:
      react: 19.2.0
      scheduler: 0.27.0

  react@19.2.0: {}

  scheduler@0.27.0: {}

  tslib@2.8.1: {}
